// !$*UTF8*$!
{
	archiveVersion = 1;
	classes = {
	};
	objectVersion = 48;
	objects = {

/* Begin PBXBuildFile section */
		233666F41F8783F100E8044B /* AppDelegate.swift in Sources */ = {isa = PBXBuildFile; fileRef = 233666F31F8783F100E8044B /* AppDelegate.swift */; };
		233666F61F8783F100E8044B /* ViewController.swift in Sources */ = {isa = PBXBuildFile; fileRef = 233666F51F8783F100E8044B /* ViewController.swift */; };
		233666F91F8783F100E8044B /* Main.storyboard in Resources */ = {isa = PBXBuildFile; fileRef = 233666F71F8783F100E8044B /* Main.storyboard */; };
		233666FB1F8783F100E8044B /* Assets.xcassets in Resources */ = {isa = PBXBuildFile; fileRef = 233666FA1F8783F100E8044B /* Assets.xcassets */; };
		233666FE1F8783F100E8044B /* LaunchScreen.storyboard in Resources */ = {isa = PBXBuildFile; fileRef = 233666FC1F8783F100E8044B /* LaunchScreen.storyboard */; };
		233667091F8783F100E8044B /* heimusubi_iosTests.swift in Sources */ = {isa = PBXBuildFile; fileRef = 233667081F8783F100E8044B /* heimusubi_iosTests.swift */; };
		233667141F8783F100E8044B /* heimusubi_iosUITests.swift in Sources */ = {isa = PBXBuildFile; fileRef = 233667131F8783F100E8044B /* heimusubi_iosUITests.swift */; };
		25EFBBD1C3AC7524C1F2D9C3 /* Pods_heimusubi_ios.framework in Frameworks */ = {isa = PBXBuildFile; fileRef = C4CB4F9989DCA3AFDA8D4915 /* Pods_heimusubi_ios.framework */; };
		9A8829DEE1ED2A72803C81B8 /* Pods_heimusubi_iosUITests.framework in Frameworks */ = {isa = PBXBuildFile; fileRef = A07D34A4AB9D00372B984169 /* Pods_heimusubi_iosUITests.framework */; };
		9E7EC52B167840A0043EA0C2 /* Pods_heimusubi_iosTests.framework in Frameworks */ = {isa = PBXBuildFile; fileRef = 926FE17E55AC887DECAFB0C2 /* Pods_heimusubi_iosTests.framework */; };
/* End PBXBuildFile section */

/* Begin PBXContainerItemProxy section */
		233667051F8783F100E8044B /* PBXContainerItemProxy */ = {
			isa = PBXContainerItemProxy;
			containerPortal = 233666E81F8783F100E8044B /* Project object */;
			proxyType = 1;
			remoteGlobalIDString = 233666EF1F8783F100E8044B;
			remoteInfo = "heimusubi-ios";
		};
		233667101F8783F100E8044B /* PBXContainerItemProxy */ = {
			isa = PBXContainerItemProxy;
			containerPortal = 233666E81F8783F100E8044B /* Project object */;
			proxyType = 1;
			remoteGlobalIDString = 233666EF1F8783F100E8044B;
			remoteInfo = "heimusubi-ios";
		};
/* End PBXContainerItemProxy section */

/* Begin PBXFileReference section */
		176EADEF480647BB5835EFED /* Pods-heimusubi-iosUITests.debug.xcconfig */ = {isa = PBXFileReference; includeInIndex = 1; lastKnownFileType = text.xcconfig; name = "Pods-heimusubi-iosUITests.debug.xcconfig"; path = "Pods/Target Support Files/Pods-heimusubi-iosUITests/Pods-heimusubi-iosUITests.debug.xcconfig"; sourceTree = "<group>"; };
		1D7BF906EFA36A1FCBFA02EC /* Pods-heimusubi-iosTests.release.xcconfig */ = {isa = PBXFileReference; includeInIndex = 1; lastKnownFileType = text.xcconfig; name = "Pods-heimusubi-iosTests.release.xcconfig"; path = "Pods/Target Support Files/Pods-heimusubi-iosTests/Pods-heimusubi-iosTests.release.xcconfig"; sourceTree = "<group>"; };
		233666F01F8783F100E8044B /* heimusubi-ios.app */ = {isa = PBXFileReference; explicitFileType = wrapper.application; includeInIndex = 0; path = "heimusubi-ios.app"; sourceTree = BUILT_PRODUCTS_DIR; };
		233666F31F8783F100E8044B /* AppDelegate.swift */ = {isa = PBXFileReference; lastKnownFileType = sourcecode.swift; path = AppDelegate.swift; sourceTree = "<group>"; };
		233666F51F8783F100E8044B /* ViewController.swift */ = {isa = PBXFileReference; lastKnownFileType = sourcecode.swift; path = ViewController.swift; sourceTree = "<group>"; };
		233666F81F8783F100E8044B /* Base */ = {isa = PBXFileReference; lastKnownFileType = file.storyboard; name = Base; path = Base.lproj/Main.storyboard; sourceTree = "<group>"; };
		233666FA1F8783F100E8044B /* Assets.xcassets */ = {isa = PBXFileReference; lastKnownFileType = folder.assetcatalog; path = Assets.xcassets; sourceTree = "<group>"; };
		233666FD1F8783F100E8044B /* Base */ = {isa = PBXFileReference; lastKnownFileType = file.storyboard; name = Base; path = Base.lproj/LaunchScreen.storyboard; sourceTree = "<group>"; };
		233666FF1F8783F100E8044B /* Info.plist */ = {isa = PBXFileReference; lastKnownFileType = text.plist.xml; path = Info.plist; sourceTree = "<group>"; };
		233667041F8783F100E8044B /* heimusubi-iosTests.xctest */ = {isa = PBXFileReference; explicitFileType = wrapper.cfbundle; includeInIndex = 0; path = "heimusubi-iosTests.xctest"; sourceTree = BUILT_PRODUCTS_DIR; };
		233667081F8783F100E8044B /* heimusubi_iosTests.swift */ = {isa = PBXFileReference; lastKnownFileType = sourcecode.swift; path = heimusubi_iosTests.swift; sourceTree = "<group>"; };
		2336670A1F8783F100E8044B /* Info.plist */ = {isa = PBXFileReference; lastKnownFileType = text.plist.xml; path = Info.plist; sourceTree = "<group>"; };
		2336670F1F8783F100E8044B /* heimusubi-iosUITests.xctest */ = {isa = PBXFileReference; explicitFileType = wrapper.cfbundle; includeInIndex = 0; path = "heimusubi-iosUITests.xctest"; sourceTree = BUILT_PRODUCTS_DIR; };
		233667131F8783F100E8044B /* heimusubi_iosUITests.swift */ = {isa = PBXFileReference; lastKnownFileType = sourcecode.swift; path = heimusubi_iosUITests.swift; sourceTree = "<group>"; };
		233667151F8783F100E8044B /* Info.plist */ = {isa = PBXFileReference; lastKnownFileType = text.plist.xml; path = Info.plist; sourceTree = "<group>"; };
		2B34AC36D4D610A544990875 /* Pods-heimusubi-iosUITests.release.xcconfig */ = {isa = PBXFileReference; includeInIndex = 1; lastKnownFileType = text.xcconfig; name = "Pods-heimusubi-iosUITests.release.xcconfig"; path = "Pods/Target Support Files/Pods-heimusubi-iosUITests/Pods-heimusubi-iosUITests.release.xcconfig"; sourceTree = "<group>"; };
		926FE17E55AC887DECAFB0C2 /* Pods_heimusubi_iosTests.framework */ = {isa = PBXFileReference; explicitFileType = wrapper.framework; includeInIndex = 0; path = Pods_heimusubi_iosTests.framework; sourceTree = BUILT_PRODUCTS_DIR; };
		96BBDDECADEA59180DD2CA0F /* Pods-heimusubi-ios.debug.xcconfig */ = {isa = PBXFileReference; includeInIndex = 1; lastKnownFileType = text.xcconfig; name = "Pods-heimusubi-ios.debug.xcconfig"; path = "Pods/Target Support Files/Pods-heimusubi-ios/Pods-heimusubi-ios.debug.xcconfig"; sourceTree = "<group>"; };
		A07D34A4AB9D00372B984169 /* Pods_heimusubi_iosUITests.framework */ = {isa = PBXFileReference; explicitFileType = wrapper.framework; includeInIndex = 0; path = Pods_heimusubi_iosUITests.framework; sourceTree = BUILT_PRODUCTS_DIR; };
		C4CB4F9989DCA3AFDA8D4915 /* Pods_heimusubi_ios.framework */ = {isa = PBXFileReference; explicitFileType = wrapper.framework; includeInIndex = 0; path = Pods_heimusubi_ios.framework; sourceTree = BUILT_PRODUCTS_DIR; };
		C91122B30ACC320794C21712 /* Pods-heimusubi-ios.release.xcconfig */ = {isa = PBXFileReference; includeInIndex = 1; lastKnownFileType = text.xcconfig; name = "Pods-heimusubi-ios.release.xcconfig"; path = "Pods/Target Support Files/Pods-heimusubi-ios/Pods-heimusubi-ios.release.xcconfig"; sourceTree = "<group>"; };
		D6BE892B867515D1B1CCD6DD /* Pods-heimusubi-iosTests.debug.xcconfig */ = {isa = PBXFileReference; includeInIndex = 1; lastKnownFileType = text.xcconfig; name = "Pods-heimusubi-iosTests.debug.xcconfig"; path = "Pods/Target Support Files/Pods-heimusubi-iosTests/Pods-heimusubi-iosTests.debug.xcconfig"; sourceTree = "<group>"; };
/* End PBXFileReference section */

/* Begin PBXFrameworksBuildPhase section */
		233666ED1F8783F100E8044B /* Frameworks */ = {
			isa = PBXFrameworksBuildPhase;
			buildActionMask = 2147483647;
			files = (
				25EFBBD1C3AC7524C1F2D9C3 /* Pods_heimusubi_ios.framework in Frameworks */,
			);
			runOnlyForDeploymentPostprocessing = 0;
		};
		233667011F8783F100E8044B /* Frameworks */ = {
			isa = PBXFrameworksBuildPhase;
			buildActionMask = 2147483647;
			files = (
				9E7EC52B167840A0043EA0C2 /* Pods_heimusubi_iosTests.framework in Frameworks */,
			);
			runOnlyForDeploymentPostprocessing = 0;
		};
		2336670C1F8783F100E8044B /* Frameworks */ = {
			isa = PBXFrameworksBuildPhase;
			buildActionMask = 2147483647;
			files = (
				9A8829DEE1ED2A72803C81B8 /* Pods_heimusubi_iosUITests.framework in Frameworks */,
			);
			runOnlyForDeploymentPostprocessing = 0;
		};
/* End PBXFrameworksBuildPhase section */

/* Begin PBXGroup section */
		0A64E4C1D44C4D4792F21D8A /* Frameworks */ = {
			isa = PBXGroup;
			children = (
				C4CB4F9989DCA3AFDA8D4915 /* Pods_heimusubi_ios.framework */,
				926FE17E55AC887DECAFB0C2 /* Pods_heimusubi_iosTests.framework */,
				A07D34A4AB9D00372B984169 /* Pods_heimusubi_iosUITests.framework */,
			);
			name = Frameworks;
			sourceTree = "<group>";
		};
		233666E71F8783F100E8044B = {
			isa = PBXGroup;
			children = (
				233666F21F8783F100E8044B /* heimusubi-ios */,
				233667071F8783F100E8044B /* heimusubi-iosTests */,
				233667121F8783F100E8044B /* heimusubi-iosUITests */,
				233666F11F8783F100E8044B /* Products */,
				286B533E1DA52AD3F69E9852 /* Pods */,
				0A64E4C1D44C4D4792F21D8A /* Frameworks */,
			);
			sourceTree = "<group>";
		};
		233666F11F8783F100E8044B /* Products */ = {
			isa = PBXGroup;
			children = (
				233666F01F8783F100E8044B /* heimusubi-ios.app */,
				233667041F8783F100E8044B /* heimusubi-iosTests.xctest */,
				2336670F1F8783F100E8044B /* heimusubi-iosUITests.xctest */,
			);
			name = Products;
			sourceTree = "<group>";
		};
		233666F21F8783F100E8044B /* heimusubi-ios */ = {
			isa = PBXGroup;
			children = (
				233666F31F8783F100E8044B /* AppDelegate.swift */,
				233666F51F8783F100E8044B /* ViewController.swift */,
				233666F71F8783F100E8044B /* Main.storyboard */,
				233666FA1F8783F100E8044B /* Assets.xcassets */,
				233666FC1F8783F100E8044B /* LaunchScreen.storyboard */,
				233666FF1F8783F100E8044B /* Info.plist */,
			);
			path = "heimusubi-ios";
			sourceTree = "<group>";
		};
		233667071F8783F100E8044B /* heimusubi-iosTests */ = {
			isa = PBXGroup;
			children = (
				233667081F8783F100E8044B /* heimusubi_iosTests.swift */,
				2336670A1F8783F100E8044B /* Info.plist */,
			);
			path = "heimusubi-iosTests";
			sourceTree = "<group>";
		};
		233667121F8783F100E8044B /* heimusubi-iosUITests */ = {
			isa = PBXGroup;
			children = (
				233667131F8783F100E8044B /* heimusubi_iosUITests.swift */,
				233667151F8783F100E8044B /* Info.plist */,
			);
			path = "heimusubi-iosUITests";
			sourceTree = "<group>";
		};
		286B533E1DA52AD3F69E9852 /* Pods */ = {
			isa = PBXGroup;
			children = (
				96BBDDECADEA59180DD2CA0F /* Pods-heimusubi-ios.debug.xcconfig */,
				C91122B30ACC320794C21712 /* Pods-heimusubi-ios.release.xcconfig */,
				D6BE892B867515D1B1CCD6DD /* Pods-heimusubi-iosTests.debug.xcconfig */,
				1D7BF906EFA36A1FCBFA02EC /* Pods-heimusubi-iosTests.release.xcconfig */,
				176EADEF480647BB5835EFED /* Pods-heimusubi-iosUITests.debug.xcconfig */,
				2B34AC36D4D610A544990875 /* Pods-heimusubi-iosUITests.release.xcconfig */,
			);
			name = Pods;
			sourceTree = "<group>";
		};
/* End PBXGroup section */

/* Begin PBXNativeTarget section */
		233666EF1F8783F100E8044B /* heimusubi-ios */ = {
			isa = PBXNativeTarget;
			buildConfigurationList = 233667181F8783F100E8044B /* Build configuration list for PBXNativeTarget "heimusubi-ios" */;
			buildPhases = (
				81F921C037055B424BE641F0 /* [CP] Check Pods Manifest.lock */,
				233666EC1F8783F100E8044B /* Sources */,
				233666ED1F8783F100E8044B /* Frameworks */,
				233666EE1F8783F100E8044B /* Resources */,
				B0ACB4D55C7397790968C645 /* [CP] Embed Pods Frameworks */,
				E5ABC64B30FE621A2A8C0E51 /* [CP] Copy Pods Resources */,
			);
			buildRules = (
			);
			dependencies = (
			);
			name = "heimusubi-ios";
			productName = "heimusubi-ios";
			productReference = 233666F01F8783F100E8044B /* heimusubi-ios.app */;
			productType = "com.apple.product-type.application";
		};
		233667031F8783F100E8044B /* heimusubi-iosTests */ = {
			isa = PBXNativeTarget;
			buildConfigurationList = 2336671B1F8783F100E8044B /* Build configuration list for PBXNativeTarget "heimusubi-iosTests" */;
			buildPhases = (
				1655D337AD1FCE1C203C5D7E /* [CP] Check Pods Manifest.lock */,
				233667001F8783F100E8044B /* Sources */,
				233667011F8783F100E8044B /* Frameworks */,
				233667021F8783F100E8044B /* Resources */,
				8B8BAD983C463632CA328157 /* [CP] Embed Pods Frameworks */,
				F6B0BAE4CCE2D815943B1C96 /* [CP] Copy Pods Resources */,
			);
			buildRules = (
			);
			dependencies = (
				233667061F8783F100E8044B /* PBXTargetDependency */,
			);
			name = "heimusubi-iosTests";
			productName = "heimusubi-iosTests";
			productReference = 233667041F8783F100E8044B /* heimusubi-iosTests.xctest */;
			productType = "com.apple.product-type.bundle.unit-test";
		};
		2336670E1F8783F100E8044B /* heimusubi-iosUITests */ = {
			isa = PBXNativeTarget;
			buildConfigurationList = 2336671E1F8783F100E8044B /* Build configuration list for PBXNativeTarget "heimusubi-iosUITests" */;
			buildPhases = (
				7CB006A61078F826293795DC /* [CP] Check Pods Manifest.lock */,
				2336670B1F8783F100E8044B /* Sources */,
				2336670C1F8783F100E8044B /* Frameworks */,
				2336670D1F8783F100E8044B /* Resources */,
				A05B700294B380F6F9900B73 /* [CP] Embed Pods Frameworks */,
				42D4434EB748AD340414A946 /* [CP] Copy Pods Resources */,
			);
			buildRules = (
			);
			dependencies = (
				233667111F8783F100E8044B /* PBXTargetDependency */,
			);
			name = "heimusubi-iosUITests";
			productName = "heimusubi-iosUITests";
			productReference = 2336670F1F8783F100E8044B /* heimusubi-iosUITests.xctest */;
			productType = "com.apple.product-type.bundle.ui-testing";
		};
/* End PBXNativeTarget section */

/* Begin PBXProject section */
		233666E81F8783F100E8044B /* Project object */ = {
			isa = PBXProject;
			attributes = {
				LastSwiftUpdateCheck = 0900;
				LastUpgradeCheck = 0900;
				ORGANIZATIONNAME = "竹之下遼";
				TargetAttributes = {
					233666EF1F8783F100E8044B = {
						CreatedOnToolsVersion = 9.0;
						ProvisioningStyle = Automatic;
					};
					233667031F8783F100E8044B = {
						CreatedOnToolsVersion = 9.0;
						ProvisioningStyle = Automatic;
						TestTargetID = 233666EF1F8783F100E8044B;
					};
					2336670E1F8783F100E8044B = {
						CreatedOnToolsVersion = 9.0;
						ProvisioningStyle = Automatic;
						TestTargetID = 233666EF1F8783F100E8044B;
					};
				};
			};
			buildConfigurationList = 233666EB1F8783F100E8044B /* Build configuration list for PBXProject "heimusubi-ios" */;
			compatibilityVersion = "Xcode 8.0";
			developmentRegion = en;
			hasScannedForEncodings = 0;
			knownRegions = (
				en,
				Base,
			);
			mainGroup = 233666E71F8783F100E8044B;
			productRefGroup = 233666F11F8783F100E8044B /* Products */;
			projectDirPath = "";
			projectRoot = "";
			targets = (
				233666EF1F8783F100E8044B /* heimusubi-ios */,
				233667031F8783F100E8044B /* heimusubi-iosTests */,
				2336670E1F8783F100E8044B /* heimusubi-iosUITests */,
			);
		};
/* End PBXProject section */

/* Begin PBXResourcesBuildPhase section */
		233666EE1F8783F100E8044B /* Resources */ = {
			isa = PBXResourcesBuildPhase;
			buildActionMask = 2147483647;
			files = (
				233666FE1F8783F100E8044B /* LaunchScreen.storyboard in Resources */,
				233666FB1F8783F100E8044B /* Assets.xcassets in Resources */,
				233666F91F8783F100E8044B /* Main.storyboard in Resources */,
			);
			runOnlyForDeploymentPostprocessing = 0;
		};
		233667021F8783F100E8044B /* Resources */ = {
			isa = PBXResourcesBuildPhase;
			buildActionMask = 2147483647;
			files = (
			);
			runOnlyForDeploymentPostprocessing = 0;
		};
		2336670D1F8783F100E8044B /* Resources */ = {
			isa = PBXResourcesBuildPhase;
			buildActionMask = 2147483647;
			files = (
			);
			runOnlyForDeploymentPostprocessing = 0;
		};
/* End PBXResourcesBuildPhase section */

/* Begin PBXShellScriptBuildPhase section */
		1655D337AD1FCE1C203C5D7E /* [CP] Check Pods Manifest.lock */ = {
			isa = PBXShellScriptBuildPhase;
			buildActionMask = 2147483647;
			files = (
			);
			inputPaths = (
				"${PODS_PODFILE_DIR_PATH}/Podfile.lock",
				"${PODS_ROOT}/Manifest.lock",
			);
			name = "[CP] Check Pods Manifest.lock";
			outputPaths = (
				"$(DERIVED_FILE_DIR)/Pods-heimusubi-iosTests-checkManifestLockResult.txt",
			);
			runOnlyForDeploymentPostprocessing = 0;
			shellPath = /bin/sh;
			shellScript = "diff \"${PODS_PODFILE_DIR_PATH}/Podfile.lock\" \"${PODS_ROOT}/Manifest.lock\" > /dev/null\nif [ $? != 0 ] ; then\n    # print error to STDERR\n    echo \"error: The sandbox is not in sync with the Podfile.lock. Run 'pod install' or update your CocoaPods installation.\" >&2\n    exit 1\nfi\n# This output is used by Xcode 'outputs' to avoid re-running this script phase.\necho \"SUCCESS\" > \"${SCRIPT_OUTPUT_FILE_0}\"\n";
			showEnvVarsInLog = 0;
		};
		42D4434EB748AD340414A946 /* [CP] Copy Pods Resources */ = {
			isa = PBXShellScriptBuildPhase;
			buildActionMask = 2147483647;
			files = (
			);
			inputPaths = (
			);
			name = "[CP] Copy Pods Resources";
			outputPaths = (
			);
			runOnlyForDeploymentPostprocessing = 0;
			shellPath = /bin/sh;
			shellScript = "\"${SRCROOT}/Pods/Target Support Files/Pods-heimusubi-iosUITests/Pods-heimusubi-iosUITests-resources.sh\"\n";
			showEnvVarsInLog = 0;
		};
		7CB006A61078F826293795DC /* [CP] Check Pods Manifest.lock */ = {
			isa = PBXShellScriptBuildPhase;
			buildActionMask = 2147483647;
			files = (
			);
			inputPaths = (
				"${PODS_PODFILE_DIR_PATH}/Podfile.lock",
				"${PODS_ROOT}/Manifest.lock",
			);
			name = "[CP] Check Pods Manifest.lock";
			outputPaths = (
				"$(DERIVED_FILE_DIR)/Pods-heimusubi-iosUITests-checkManifestLockResult.txt",
			);
			runOnlyForDeploymentPostprocessing = 0;
			shellPath = /bin/sh;
			shellScript = "diff \"${PODS_PODFILE_DIR_PATH}/Podfile.lock\" \"${PODS_ROOT}/Manifest.lock\" > /dev/null\nif [ $? != 0 ] ; then\n    # print error to STDERR\n    echo \"error: The sandbox is not in sync with the Podfile.lock. Run 'pod install' or update your CocoaPods installation.\" >&2\n    exit 1\nfi\n# This output is used by Xcode 'outputs' to avoid re-running this script phase.\necho \"SUCCESS\" > \"${SCRIPT_OUTPUT_FILE_0}\"\n";
			showEnvVarsInLog = 0;
		};
		81F921C037055B424BE641F0 /* [CP] Check Pods Manifest.lock */ = {
			isa = PBXShellScriptBuildPhase;
			buildActionMask = 2147483647;
			files = (
			);
			inputPaths = (
				"${PODS_PODFILE_DIR_PATH}/Podfile.lock",
				"${PODS_ROOT}/Manifest.lock",
			);
			name = "[CP] Check Pods Manifest.lock";
			outputPaths = (
				"$(DERIVED_FILE_DIR)/Pods-heimusubi-ios-checkManifestLockResult.txt",
			);
			runOnlyForDeploymentPostprocessing = 0;
			shellPath = /bin/sh;
			shellScript = "diff \"${PODS_PODFILE_DIR_PATH}/Podfile.lock\" \"${PODS_ROOT}/Manifest.lock\" > /dev/null\nif [ $? != 0 ] ; then\n    # print error to STDERR\n    echo \"error: The sandbox is not in sync with the Podfile.lock. Run 'pod install' or update your CocoaPods installation.\" >&2\n    exit 1\nfi\n# This output is used by Xcode 'outputs' to avoid re-running this script phase.\necho \"SUCCESS\" > \"${SCRIPT_OUTPUT_FILE_0}\"\n";
			showEnvVarsInLog = 0;
		};
		8B8BAD983C463632CA328157 /* [CP] Embed Pods Frameworks */ = {
			isa = PBXShellScriptBuildPhase;
			buildActionMask = 2147483647;
			files = (
			);
			inputPaths = (
			);
			name = "[CP] Embed Pods Frameworks";
			outputPaths = (
			);
			runOnlyForDeploymentPostprocessing = 0;
			shellPath = /bin/sh;
			shellScript = "\"${SRCROOT}/Pods/Target Support Files/Pods-heimusubi-iosTests/Pods-heimusubi-iosTests-frameworks.sh\"\n";
			showEnvVarsInLog = 0;
		};
		A05B700294B380F6F9900B73 /* [CP] Embed Pods Frameworks */ = {
			isa = PBXShellScriptBuildPhase;
			buildActionMask = 2147483647;
			files = (
			);
			inputPaths = (
			);
			name = "[CP] Embed Pods Frameworks";
			outputPaths = (
			);
			runOnlyForDeploymentPostprocessing = 0;
			shellPath = /bin/sh;
			shellScript = "\"${SRCROOT}/Pods/Target Support Files/Pods-heimusubi-iosUITests/Pods-heimusubi-iosUITests-frameworks.sh\"\n";
			showEnvVarsInLog = 0;
		};
		B0ACB4D55C7397790968C645 /* [CP] Embed Pods Frameworks */ = {
			isa = PBXShellScriptBuildPhase;
			buildActionMask = 2147483647;
			files = (
			);
			inputPaths = (
				"${SRCROOT}/Pods/Target Support Files/Pods-heimusubi-ios/Pods-heimusubi-ios-frameworks.sh",
				"${BUILT_PRODUCTS_DIR}/Alamofire/Alamofire.framework",
			);
			name = "[CP] Embed Pods Frameworks";
			outputPaths = (
				"${TARGET_BUILD_DIR}/${FRAMEWORKS_FOLDER_PATH}/Alamofire.framework",
			);
			runOnlyForDeploymentPostprocessing = 0;
			shellPath = /bin/sh;
			shellScript = "\"${SRCROOT}/Pods/Target Support Files/Pods-heimusubi-ios/Pods-heimusubi-ios-frameworks.sh\"\n";
			showEnvVarsInLog = 0;
		};
		E5ABC64B30FE621A2A8C0E51 /* [CP] Copy Pods Resources */ = {
			isa = PBXShellScriptBuildPhase;
			buildActionMask = 2147483647;
			files = (
			);
			inputPaths = (
			);
			name = "[CP] Copy Pods Resources";
			outputPaths = (
			);
			runOnlyForDeploymentPostprocessing = 0;
			shellPath = /bin/sh;
			shellScript = "\"${SRCROOT}/Pods/Target Support Files/Pods-heimusubi-ios/Pods-heimusubi-ios-resources.sh\"\n";
			showEnvVarsInLog = 0;
		};
		F6B0BAE4CCE2D815943B1C96 /* [CP] Copy Pods Resources */ = {
			isa = PBXShellScriptBuildPhase;
			buildActionMask = 2147483647;
			files = (
			);
			inputPaths = (
			);
			name = "[CP] Copy Pods Resources";
			outputPaths = (
			);
			runOnlyForDeploymentPostprocessing = 0;
			shellPath = /bin/sh;
			shellScript = "\"${SRCROOT}/Pods/Target Support Files/Pods-heimusubi-iosTests/Pods-heimusubi-iosTests-resources.sh\"\n";
			showEnvVarsInLog = 0;
		};
/* End PBXShellScriptBuildPhase section */

/* Begin PBXSourcesBuildPhase section */
		233666EC1F8783F100E8044B /* Sources */ = {
			isa = PBXSourcesBuildPhase;
			buildActionMask = 2147483647;
			files = (
				233666F61F8783F100E8044B /* ViewController.swift in Sources */,
				233666F41F8783F100E8044B /* AppDelegate.swift in Sources */,
			);
			runOnlyForDeploymentPostprocessing = 0;
		};
		233667001F8783F100E8044B /* Sources */ = {
			isa = PBXSourcesBuildPhase;
			buildActionMask = 2147483647;
			files = (
				233667091F8783F100E8044B /* heimusubi_iosTests.swift in Sources */,
			);
			runOnlyForDeploymentPostprocessing = 0;
		};
		2336670B1F8783F100E8044B /* Sources */ = {
			isa = PBXSourcesBuildPhase;
			buildActionMask = 2147483647;
			files = (
				233667141F8783F100E8044B /* heimusubi_iosUITests.swift in Sources */,
			);
			runOnlyForDeploymentPostprocessing = 0;
		};
/* End PBXSourcesBuildPhase section */

/* Begin PBXTargetDependency section */
		233667061F8783F100E8044B /* PBXTargetDependency */ = {
			isa = PBXTargetDependency;
			target = 233666EF1F8783F100E8044B /* heimusubi-ios */;
			targetProxy = 233667051F8783F100E8044B /* PBXContainerItemProxy */;
		};
		233667111F8783F100E8044B /* PBXTargetDependency */ = {
			isa = PBXTargetDependency;
			target = 233666EF1F8783F100E8044B /* heimusubi-ios */;
			targetProxy = 233667101F8783F100E8044B /* PBXContainerItemProxy */;
		};
/* End PBXTargetDependency section */

/* Begin PBXVariantGroup section */
		233666F71F8783F100E8044B /* Main.storyboard */ = {
			isa = PBXVariantGroup;
			children = (
				233666F81F8783F100E8044B /* Base */,
			);
			name = Main.storyboard;
			sourceTree = "<group>";
		};
		233666FC1F8783F100E8044B /* LaunchScreen.storyboard */ = {
			isa = PBXVariantGroup;
			children = (
				233666FD1F8783F100E8044B /* Base */,
			);
			name = LaunchScreen.storyboard;
			sourceTree = "<group>";
		};
/* End PBXVariantGroup section */

/* Begin XCBuildConfiguration section */
		233667161F8783F100E8044B /* Debug */ = {
			isa = XCBuildConfiguration;
			buildSettings = {
				ALWAYS_SEARCH_USER_PATHS = NO;
				CLANG_ANALYZER_NONNULL = YES;
				CLANG_ANALYZER_NUMBER_OBJECT_CONVERSION = YES_AGGRESSIVE;
				CLANG_CXX_LANGUAGE_STANDARD = "gnu++14";
				CLANG_CXX_LIBRARY = "libc++";
				CLANG_ENABLE_MODULES = YES;
				CLANG_ENABLE_OBJC_ARC = YES;
				CLANG_WARN_BLOCK_CAPTURE_AUTORELEASING = YES;
				CLANG_WARN_BOOL_CONVERSION = YES;
				CLANG_WARN_COMMA = YES;
				CLANG_WARN_CONSTANT_CONVERSION = YES;
				CLANG_WARN_DIRECT_OBJC_ISA_USAGE = YES_ERROR;
				CLANG_WARN_DOCUMENTATION_COMMENTS = YES;
				CLANG_WARN_EMPTY_BODY = YES;
				CLANG_WARN_ENUM_CONVERSION = YES;
				CLANG_WARN_INFINITE_RECURSION = YES;
				CLANG_WARN_INT_CONVERSION = YES;
				CLANG_WARN_NON_LITERAL_NULL_CONVERSION = YES;
				CLANG_WARN_OBJC_LITERAL_CONVERSION = YES;
				CLANG_WARN_OBJC_ROOT_CLASS = YES_ERROR;
				CLANG_WARN_RANGE_LOOP_ANALYSIS = YES;
				CLANG_WARN_STRICT_PROTOTYPES = YES;
				CLANG_WARN_SUSPICIOUS_MOVE = YES;
				CLANG_WARN_UNGUARDED_AVAILABILITY = YES_AGGRESSIVE;
				CLANG_WARN_UNREACHABLE_CODE = YES;
				CLANG_WARN__DUPLICATE_METHOD_MATCH = YES;
				CODE_SIGN_IDENTITY = "iPhone Developer";
				COPY_PHASE_STRIP = NO;
				DEBUG_INFORMATION_FORMAT = dwarf;
				ENABLE_STRICT_OBJC_MSGSEND = YES;
				ENABLE_TESTABILITY = YES;
				GCC_C_LANGUAGE_STANDARD = gnu11;
				GCC_DYNAMIC_NO_PIC = NO;
				GCC_NO_COMMON_BLOCKS = YES;
				GCC_OPTIMIZATION_LEVEL = 0;
				GCC_PREPROCESSOR_DEFINITIONS = (
					"DEBUG=1",
					"$(inherited)",
				);
				GCC_WARN_64_TO_32_BIT_CONVERSION = YES;
				GCC_WARN_ABOUT_RETURN_TYPE = YES_ERROR;
				GCC_WARN_UNDECLARED_SELECTOR = YES;
				GCC_WARN_UNINITIALIZED_AUTOS = YES_AGGRESSIVE;
				GCC_WARN_UNUSED_FUNCTION = YES;
				GCC_WARN_UNUSED_VARIABLE = YES;
				IPHONEOS_DEPLOYMENT_TARGET = 11.0;
				MTL_ENABLE_DEBUG_INFO = YES;
				ONLY_ACTIVE_ARCH = YES;
				SDKROOT = iphoneos;
				SWIFT_ACTIVE_COMPILATION_CONDITIONS = DEBUG;
				SWIFT_OPTIMIZATION_LEVEL = "-Onone";
			};
			name = Debug;
		};
		233667171F8783F100E8044B /* Release */ = {
			isa = XCBuildConfiguration;
			buildSettings = {
				ALWAYS_SEARCH_USER_PATHS = NO;
				CLANG_ANALYZER_NONNULL = YES;
				CLANG_ANALYZER_NUMBER_OBJECT_CONVERSION = YES_AGGRESSIVE;
				CLANG_CXX_LANGUAGE_STANDARD = "gnu++14";
				CLANG_CXX_LIBRARY = "libc++";
				CLANG_ENABLE_MODULES = YES;
				CLANG_ENABLE_OBJC_ARC = YES;
				CLANG_WARN_BLOCK_CAPTURE_AUTORELEASING = YES;
				CLANG_WARN_BOOL_CONVERSION = YES;
				CLANG_WARN_COMMA = YES;
				CLANG_WARN_CONSTANT_CONVERSION = YES;
				CLANG_WARN_DIRECT_OBJC_ISA_USAGE = YES_ERROR;
				CLANG_WARN_DOCUMENTATION_COMMENTS = YES;
				CLANG_WARN_EMPTY_BODY = YES;
				CLANG_WARN_ENUM_CONVERSION = YES;
				CLANG_WARN_INFINITE_RECURSION = YES;
				CLANG_WARN_INT_CONVERSION = YES;
				CLANG_WARN_NON_LITERAL_NULL_CONVERSION = YES;
				CLANG_WARN_OBJC_LITERAL_CONVERSION = YES;
				CLANG_WARN_OBJC_ROOT_CLASS = YES_ERROR;
				CLANG_WARN_RANGE_LOOP_ANALYSIS = YES;
				CLANG_WARN_STRICT_PROTOTYPES = YES;
				CLANG_WARN_SUSPICIOUS_MOVE = YES;
				CLANG_WARN_UNGUARDED_AVAILABILITY = YES_AGGRESSIVE;
				CLANG_WARN_UNREACHABLE_CODE = YES;
				CLANG_WARN__DUPLICATE_METHOD_MATCH = YES;
				CODE_SIGN_IDENTITY = "iPhone Developer";
				COPY_PHASE_STRIP = NO;
				DEBUG_INFORMATION_FORMAT = "dwarf-with-dsym";
				ENABLE_NS_ASSERTIONS = NO;
				ENABLE_STRICT_OBJC_MSGSEND = YES;
				GCC_C_LANGUAGE_STANDARD = gnu11;
				GCC_NO_COMMON_BLOCKS = YES;
				GCC_WARN_64_TO_32_BIT_CONVERSION = YES;
				GCC_WARN_ABOUT_RETURN_TYPE = YES_ERROR;
				GCC_WARN_UNDECLARED_SELECTOR = YES;
				GCC_WARN_UNINITIALIZED_AUTOS = YES_AGGRESSIVE;
				GCC_WARN_UNUSED_FUNCTION = YES;
				GCC_WARN_UNUSED_VARIABLE = YES;
				IPHONEOS_DEPLOYMENT_TARGET = 11.0;
				MTL_ENABLE_DEBUG_INFO = NO;
				SDKROOT = iphoneos;
				SWIFT_OPTIMIZATION_LEVEL = "-Owholemodule";
				VALIDATE_PRODUCT = YES;
			};
			name = Release;
		};
		233667191F8783F100E8044B /* Debug */ = {
			isa = XCBuildConfiguration;
			baseConfigurationReference = 96BBDDECADEA59180DD2CA0F /* Pods-heimusubi-ios.debug.xcconfig */;
			buildSettings = {
				ASSETCATALOG_COMPILER_APPICON_NAME = AppIcon;
				CODE_SIGN_STYLE = Automatic;
				INFOPLIST_FILE = "heimusubi-ios/Info.plist";
				LD_RUNPATH_SEARCH_PATHS = "$(inherited) @executable_path/Frameworks";
				PRODUCT_BUNDLE_IDENTIFIER = "Taiyakis.heimusubi-ios";
				PRODUCT_NAME = "$(TARGET_NAME)";
				SWIFT_VERSION = 4.0;
				TARGETED_DEVICE_FAMILY = "1,2";
			};
			name = Debug;
		};
		2336671A1F8783F100E8044B /* Release */ = {
			isa = XCBuildConfiguration;
			baseConfigurationReference = C91122B30ACC320794C21712 /* Pods-heimusubi-ios.release.xcconfig */;
			buildSettings = {
				ASSETCATALOG_COMPILER_APPICON_NAME = AppIcon;
				CODE_SIGN_STYLE = Automatic;
				INFOPLIST_FILE = "heimusubi-ios/Info.plist";
				LD_RUNPATH_SEARCH_PATHS = "$(inherited) @executable_path/Frameworks";
				PRODUCT_BUNDLE_IDENTIFIER = "Taiyakis.heimusubi-ios";
				PRODUCT_NAME = "$(TARGET_NAME)";
				SWIFT_VERSION = 4.0;
				TARGETED_DEVICE_FAMILY = "1,2";
			};
			name = Release;
		};
		2336671C1F8783F100E8044B /* Debug */ = {
			isa = XCBuildConfiguration;
			baseConfigurationReference = D6BE892B867515D1B1CCD6DD /* Pods-heimusubi-iosTests.debug.xcconfig */;
			buildSettings = {
				ALWAYS_EMBED_SWIFT_STANDARD_LIBRARIES = YES;
				BUNDLE_LOADER = "$(TEST_HOST)";
				CODE_SIGN_STYLE = Automatic;
				INFOPLIST_FILE = "heimusubi-iosTests/Info.plist";
				LD_RUNPATH_SEARCH_PATHS = "$(inherited) @executable_path/Frameworks @loader_path/Frameworks";
				PRODUCT_BUNDLE_IDENTIFIER = "Taiyakis.heimusubi-iosTests";
				PRODUCT_NAME = "$(TARGET_NAME)";
				SWIFT_VERSION = 4.0;
				TARGETED_DEVICE_FAMILY = "1,2";
				TEST_HOST = "$(BUILT_PRODUCTS_DIR)/heimusubi-ios.app/heimusubi-ios";
			};
			name = Debug;
		};
		2336671D1F8783F100E8044B /* Release */ = {
			isa = XCBuildConfiguration;
			baseConfigurationReference = 1D7BF906EFA36A1FCBFA02EC /* Pods-heimusubi-iosTests.release.xcconfig */;
			buildSettings = {
				ALWAYS_EMBED_SWIFT_STANDARD_LIBRARIES = YES;
				BUNDLE_LOADER = "$(TEST_HOST)";
				CODE_SIGN_STYLE = Automatic;
				INFOPLIST_FILE = "heimusubi-iosTests/Info.plist";
				LD_RUNPATH_SEARCH_PATHS = "$(inherited) @executable_path/Frameworks @loader_path/Frameworks";
				PRODUCT_BUNDLE_IDENTIFIER = "Taiyakis.heimusubi-iosTests";
				PRODUCT_NAME = "$(TARGET_NAME)";
				SWIFT_VERSION = 4.0;
				TARGETED_DEVICE_FAMILY = "1,2";
				TEST_HOST = "$(BUILT_PRODUCTS_DIR)/heimusubi-ios.app/heimusubi-ios";
			};
			name = Release;
		};
		2336671F1F8783F100E8044B /* Debug */ = {
			isa = XCBuildConfiguration;
			baseConfigurationReference = 176EADEF480647BB5835EFED /* Pods-heimusubi-iosUITests.debug.xcconfig */;
			buildSettings = {
				ALWAYS_EMBED_SWIFT_STANDARD_LIBRARIES = YES;
				CODE_SIGN_STYLE = Automatic;
				INFOPLIST_FILE = "heimusubi-iosUITests/Info.plist";
				LD_RUNPATH_SEARCH_PATHS = "$(inherited) @executable_path/Frameworks @loader_path/Frameworks";
				PRODUCT_BUNDLE_IDENTIFIER = "Taiyakis.heimusubi-iosUITests";
				PRODUCT_NAME = "$(TARGET_NAME)";
				SWIFT_VERSION = 4.0;
				TARGETED_DEVICE_FAMILY = "1,2";
				TEST_TARGET_NAME = "heimusubi-ios";
			};
			name = Debug;
		};
		233667201F8783F100E8044B /* Release */ = {
			isa = XCBuildConfiguration;
			baseConfigurationReference = 2B34AC36D4D610A544990875 /* Pods-heimusubi-iosUITests.release.xcconfig */;
			buildSettings = {
				ALWAYS_EMBED_SWIFT_STANDARD_LIBRARIES = YES;
				CODE_SIGN_STYLE = Automatic;
				INFOPLIST_FILE = "heimusubi-iosUITests/Info.plist";
				LD_RUNPATH_SEARCH_PATHS = "$(inherited) @executable_path/Frameworks @loader_path/Frameworks";
				PRODUCT_BUNDLE_IDENTIFIER = "Taiyakis.heimusubi-iosUITests";
				PRODUCT_NAME = "$(TARGET_NAME)";
				SWIFT_VERSION = 4.0;
				TARGETED_DEVICE_FAMILY = "1,2";
				TEST_TARGET_NAME = "heimusubi-ios";
			};
			name = Release;
		};
/* End XCBuildConfiguration section */

/* Begin XCConfigurationList section */
		233666EB1F8783F100E8044B /* Build configuration list for PBXProject "heimusubi-ios" */ = {
			isa = XCConfigurationList;
			buildConfigurations = (
				233667161F8783F100E8044B /* Debug */,
				233667171F8783F100E8044B /* Release */,
			);
			defaultConfigurationIsVisible = 0;
			defaultConfigurationName = Release;
		};
		233667181F8783F100E8044B /* Build configuration list for PBXNativeTarget "heimusubi-ios" */ = {
			isa = XCConfigurationList;
			buildConfigurations = (
				233667191F8783F100E8044B /* Debug */,
				2336671A1F8783F100E8044B /* Release */,
			);
			defaultConfigurationIsVisible = 0;
			defaultConfigurationName = Release;
		};
		2336671B1F8783F100E8044B /* Build configuration list for PBXNativeTarget "heimusubi-iosTests" */ = {
			isa = XCConfigurationList;
			buildConfigurations = (
				2336671C1F8783F100E8044B /* Debug */,
				2336671D1F8783F100E8044B /* Release */,
			);
			defaultConfigurationIsVisible = 0;
			defaultConfigurationName = Release;
		};
		2336671E1F8783F100E8044B /* Build configuration list for PBXNativeTarget "heimusubi-iosUITests" */ = {
			isa = XCConfigurationList;
			buildConfigurations = (
				2336671F1F8783F100E8044B /* Debug */,
				233667201F8783F100E8044B /* Release */,
			);
			defaultConfigurationIsVisible = 0;
			defaultConfigurationName = Release;
		};
/* End XCConfigurationList section */
	};
	rootObject = 233666E81F8783F100E8044B /* Project object */;
}
